
Microsoft Visual Studio Solution File, Format Version 12.00
# Visual Studio 14
VisualStudioVersion = 14.0.25420.1
MinimumVisualStudioVersion = 10.0.40219.1
Project("{FAE04EC0-301F-11D3-BF4B-00C04F79EFBC}") = "AdventOfCode", "AdventOfCode\AdventOfCode.csproj", "{EE4C2EF2-5DD1-46F8-8AAA-050A106D8BE0}"
EndProject
Project("{FAE04EC0-301F-11D3-BF4B-00C04F79EFBC}") = "AdventOfCode.Test", "AdventOfCode.Test\AdventOfCode.Test.csproj", "{4A52B536-7C53-4BDD-86DB-F9171FA38C09}"
EndProject
Project("{FAE04EC0-301F-11D3-BF4B-00C04F79EFBC}") = "Day08", "Day08\Day08.csproj", "{FFBCC405-F10D-4CA8-8DFC-6A00D677DE3C}"
EndProject
Global
	GlobalSection(SolutionConfigurationPlatforms) = preSolution
		Debug|Any CPU = Debug|Any CPU
		Release|Any CPU = Release|Any CPU
	EndGlobalSection
	GlobalSection(ProjectConfigurationPlatforms) = postSolution
		{EE4C2EF2-5DD1-46F8-8AAA-050A106D8BE0}.Debug|Any CPU.ActiveCfg = Debug|Any CPU
		{EE4C2EF2-5DD1-46F8-8AAA-050A106D8BE0}.Debug|Any CPU.Build.0 = Debug|Any CPU
		{EE4C2EF2-5DD1-46F8-8AAA-050A106D8BE0}.Release|Any CPU.ActiveCfg = Release|Any CPU
		{EE4C2EF2-5DD1-46F8-8AAA-050A106D8BE0}.Release|Any CPU.Build.0 = Release|Any CPU
		{4A52B536-7C53-4BDD-86DB-F9171FA38C09}.Debug|Any CPU.ActiveCfg = Debug|Any CPU
		{4A52B536-7C53-4BDD-86DB-F9171FA38C09}.Debug|Any CPU.Build.0 = Debug|Any CPU
		{4A52B536-7C53-4BDD-86DB-F9171FA38C09}.Release|Any CPU.ActiveCfg = Release|Any CPU
		{4A52B536-7C53-4BDD-86DB-F9171FA38C09}.Release|Any CPU.Build.0 = Release|Any CPU
		{FFBCC405-F10D-4CA8-8DFC-6A00D677DE3C}.Debug|Any CPU.ActiveCfg = Debug|Any CPU
		{FFBCC405-F10D-4CA8-8DFC-6A00D677DE3C}.Debug|Any CPU.Build.0 = Debug|Any CPU
		{FFBCC405-F10D-4CA8-8DFC-6A00D677DE3C}.Release|Any CPU.ActiveCfg = Release|Any CPU
		{FFBCC405-F10D-4CA8-8DFC-6A00D677DE3C}.Release|Any CPU.Build.0 = Release|Any CPU
	EndGlobalSection
	GlobalSection(SolutionProperties) = preSolution
		HideSolutionNode = FALSE
	EndGlobalSection
EndGlobal
