
Microsoft Visual Studio Solution File, Format Version 12.00
# Visual Studio 14
VisualStudioVersion = 14.0.25420.1
MinimumVisualStudioVersion = 10.0.40219.1
Project("{FAE04EC0-301F-11D3-BF4B-00C04F79EFBC}") = "SleighPuzzles", "AdventOfCode\SleighPuzzles.csproj", "{EE4C2EF2-5DD1-46F8-8AAA-050A106D8BE0}"
EndProject
Project("{FAE04EC0-301F-11D3-BF4B-00C04F79EFBC}") = "SleighPuzzles.Tests", "AdventOfCode.Test\SleighPuzzles.Tests.csproj", "{4A52B536-7C53-4BDD-86DB-F9171FA38C09}"
EndProject
Project("{FAE04EC0-301F-11D3-BF4B-00C04F79EFBC}") = "Day08Visualization", "Day08\Day08Visualization.csproj", "{FFBCC405-F10D-4CA8-8DFC-6A00D677DE3C}"
EndProject
Project("{2150E333-8FDC-42A3-9474-1A3956D46DE8}") = "Sleigh", "Sleigh", "{CCA188E5-1AB6-4E16-B013-76877044870D}"
EndProject
Project("{2150E333-8FDC-42A3-9474-1A3956D46DE8}") = "Snow", "Snow", "{682FDFCE-30ED-4654-B292-877C05BE7474}"
EndProject
Project("{FAE04EC0-301F-11D3-BF4B-00C04F79EFBC}") = "Utils", "Utils\Utils.csproj", "{6FD2CBB6-B1E8-4A1F-A7BB-346C7423FAFE}"
EndProject
Project("{FAE04EC0-301F-11D3-BF4B-00C04F79EFBC}") = "SnowPuzzles", "Puzzles\SnowPuzzles.csproj", "{7047922B-9ED6-4A7E-81FF-C3D6677591BB}"
EndProject
Project("{FAE04EC0-301F-11D3-BF4B-00C04F79EFBC}") = "SnowPuzzles.Tests", "PuzzlesTests\SnowPuzzles.Tests.csproj", "{19F44D80-9CE2-4824-A6CD-5263F5DD6069}"
EndProject
Project("{FAE04EC0-301F-11D3-BF4B-00C04F79EFBC}") = "Day10", "Day10\Day10.csproj", "{7CA67063-3DDB-4171-8257-82BCA80D43A6}"
EndProject
Project("{FAE04EC0-301F-11D3-BF4B-00C04F79EFBC}") = "Day11", "Day11\Day11.csproj", "{7F84950F-D5C4-4CD4-BB8F-880B6A127982}"
EndProject
Project("{FAE04EC0-301F-11D3-BF4B-00C04F79EFBC}") = "Day11Tests", "Day11Tests\Day11Tests.csproj", "{2AEA3E4D-F15A-4A58-A96F-46138B313A23}"
EndProject
Project("{FAE04EC0-301F-11D3-BF4B-00C04F79EFBC}") = "Day12", "Day12\Day12.csproj", "{BA4A8632-8580-4087-9803-634FC045282A}"
EndProject
Project("{FAE04EC0-301F-11D3-BF4B-00C04F79EFBC}") = "Day13", "Day13\Day13.csproj", "{321A3819-14E4-471E-8B91-29C7EEE6A7EF}"
EndProject
Project("{FAE04EC0-301F-11D3-BF4B-00C04F79EFBC}") = "UtilsTests", "UtilsTests\UtilsTests.csproj", "{FF8DA9F8-BAD9-48B3-A575-E06158AD4207}"
EndProject
Global
	GlobalSection(SolutionConfigurationPlatforms) = preSolution
		Debug|Any CPU = Debug|Any CPU
		Release|Any CPU = Release|Any CPU
	EndGlobalSection
	GlobalSection(ProjectConfigurationPlatforms) = postSolution
		{EE4C2EF2-5DD1-46F8-8AAA-050A106D8BE0}.Debug|Any CPU.ActiveCfg = Debug|Any CPU
		{EE4C2EF2-5DD1-46F8-8AAA-050A106D8BE0}.Debug|Any CPU.Build.0 = Debug|Any CPU
		{EE4C2EF2-5DD1-46F8-8AAA-050A106D8BE0}.Release|Any CPU.ActiveCfg = Release|Any CPU
		{EE4C2EF2-5DD1-46F8-8AAA-050A106D8BE0}.Release|Any CPU.Build.0 = Release|Any CPU
		{4A52B536-7C53-4BDD-86DB-F9171FA38C09}.Debug|Any CPU.ActiveCfg = Debug|Any CPU
		{4A52B536-7C53-4BDD-86DB-F9171FA38C09}.Debug|Any CPU.Build.0 = Debug|Any CPU
		{4A52B536-7C53-4BDD-86DB-F9171FA38C09}.Release|Any CPU.ActiveCfg = Release|Any CPU
		{4A52B536-7C53-4BDD-86DB-F9171FA38C09}.Release|Any CPU.Build.0 = Release|Any CPU
		{FFBCC405-F10D-4CA8-8DFC-6A00D677DE3C}.Debug|Any CPU.ActiveCfg = Debug|Any CPU
		{FFBCC405-F10D-4CA8-8DFC-6A00D677DE3C}.Debug|Any CPU.Build.0 = Debug|Any CPU
		{FFBCC405-F10D-4CA8-8DFC-6A00D677DE3C}.Release|Any CPU.ActiveCfg = Release|Any CPU
		{FFBCC405-F10D-4CA8-8DFC-6A00D677DE3C}.Release|Any CPU.Build.0 = Release|Any CPU
		{6FD2CBB6-B1E8-4A1F-A7BB-346C7423FAFE}.Debug|Any CPU.ActiveCfg = Debug|Any CPU
		{6FD2CBB6-B1E8-4A1F-A7BB-346C7423FAFE}.Debug|Any CPU.Build.0 = Debug|Any CPU
		{6FD2CBB6-B1E8-4A1F-A7BB-346C7423FAFE}.Release|Any CPU.ActiveCfg = Release|Any CPU
		{6FD2CBB6-B1E8-4A1F-A7BB-346C7423FAFE}.Release|Any CPU.Build.0 = Release|Any CPU
		{7047922B-9ED6-4A7E-81FF-C3D6677591BB}.Debug|Any CPU.ActiveCfg = Debug|Any CPU
		{7047922B-9ED6-4A7E-81FF-C3D6677591BB}.Debug|Any CPU.Build.0 = Debug|Any CPU
		{7047922B-9ED6-4A7E-81FF-C3D6677591BB}.Release|Any CPU.ActiveCfg = Release|Any CPU
		{7047922B-9ED6-4A7E-81FF-C3D6677591BB}.Release|Any CPU.Build.0 = Release|Any CPU
		{19F44D80-9CE2-4824-A6CD-5263F5DD6069}.Debug|Any CPU.ActiveCfg = Debug|Any CPU
		{19F44D80-9CE2-4824-A6CD-5263F5DD6069}.Debug|Any CPU.Build.0 = Debug|Any CPU
		{19F44D80-9CE2-4824-A6CD-5263F5DD6069}.Release|Any CPU.ActiveCfg = Release|Any CPU
		{19F44D80-9CE2-4824-A6CD-5263F5DD6069}.Release|Any CPU.Build.0 = Release|Any CPU
		{7CA67063-3DDB-4171-8257-82BCA80D43A6}.Debug|Any CPU.ActiveCfg = Debug|Any CPU
		{7CA67063-3DDB-4171-8257-82BCA80D43A6}.Debug|Any CPU.Build.0 = Debug|Any CPU
		{7CA67063-3DDB-4171-8257-82BCA80D43A6}.Release|Any CPU.ActiveCfg = Release|Any CPU
		{7CA67063-3DDB-4171-8257-82BCA80D43A6}.Release|Any CPU.Build.0 = Release|Any CPU
		{7F84950F-D5C4-4CD4-BB8F-880B6A127982}.Debug|Any CPU.ActiveCfg = Debug|Any CPU
		{7F84950F-D5C4-4CD4-BB8F-880B6A127982}.Debug|Any CPU.Build.0 = Debug|Any CPU
		{7F84950F-D5C4-4CD4-BB8F-880B6A127982}.Release|Any CPU.ActiveCfg = Release|Any CPU
		{7F84950F-D5C4-4CD4-BB8F-880B6A127982}.Release|Any CPU.Build.0 = Release|Any CPU
		{2AEA3E4D-F15A-4A58-A96F-46138B313A23}.Debug|Any CPU.ActiveCfg = Debug|Any CPU
		{2AEA3E4D-F15A-4A58-A96F-46138B313A23}.Debug|Any CPU.Build.0 = Debug|Any CPU
		{2AEA3E4D-F15A-4A58-A96F-46138B313A23}.Release|Any CPU.ActiveCfg = Release|Any CPU
		{2AEA3E4D-F15A-4A58-A96F-46138B313A23}.Release|Any CPU.Build.0 = Release|Any CPU
		{BA4A8632-8580-4087-9803-634FC045282A}.Debug|Any CPU.ActiveCfg = Debug|Any CPU
		{BA4A8632-8580-4087-9803-634FC045282A}.Debug|Any CPU.Build.0 = Debug|Any CPU
		{BA4A8632-8580-4087-9803-634FC045282A}.Release|Any CPU.ActiveCfg = Release|Any CPU
		{BA4A8632-8580-4087-9803-634FC045282A}.Release|Any CPU.Build.0 = Release|Any CPU
		{321A3819-14E4-471E-8B91-29C7EEE6A7EF}.Debug|Any CPU.ActiveCfg = Debug|Any CPU
		{321A3819-14E4-471E-8B91-29C7EEE6A7EF}.Debug|Any CPU.Build.0 = Debug|Any CPU
		{321A3819-14E4-471E-8B91-29C7EEE6A7EF}.Release|Any CPU.ActiveCfg = Release|Any CPU
		{321A3819-14E4-471E-8B91-29C7EEE6A7EF}.Release|Any CPU.Build.0 = Release|Any CPU
		{FF8DA9F8-BAD9-48B3-A575-E06158AD4207}.Debug|Any CPU.ActiveCfg = Debug|Any CPU
		{FF8DA9F8-BAD9-48B3-A575-E06158AD4207}.Debug|Any CPU.Build.0 = Debug|Any CPU
		{FF8DA9F8-BAD9-48B3-A575-E06158AD4207}.Release|Any CPU.ActiveCfg = Release|Any CPU
		{FF8DA9F8-BAD9-48B3-A575-E06158AD4207}.Release|Any CPU.Build.0 = Release|Any CPU
	EndGlobalSection
	GlobalSection(SolutionProperties) = preSolution
		HideSolutionNode = FALSE
	EndGlobalSection
	GlobalSection(NestedProjects) = preSolution
		{EE4C2EF2-5DD1-46F8-8AAA-050A106D8BE0} = {CCA188E5-1AB6-4E16-B013-76877044870D}
		{4A52B536-7C53-4BDD-86DB-F9171FA38C09} = {CCA188E5-1AB6-4E16-B013-76877044870D}
		{FFBCC405-F10D-4CA8-8DFC-6A00D677DE3C} = {CCA188E5-1AB6-4E16-B013-76877044870D}
		{7047922B-9ED6-4A7E-81FF-C3D6677591BB} = {682FDFCE-30ED-4654-B292-877C05BE7474}
		{19F44D80-9CE2-4824-A6CD-5263F5DD6069} = {682FDFCE-30ED-4654-B292-877C05BE7474}
		{7CA67063-3DDB-4171-8257-82BCA80D43A6} = {CCA188E5-1AB6-4E16-B013-76877044870D}
		{7F84950F-D5C4-4CD4-BB8F-880B6A127982} = {CCA188E5-1AB6-4E16-B013-76877044870D}
		{2AEA3E4D-F15A-4A58-A96F-46138B313A23} = {CCA188E5-1AB6-4E16-B013-76877044870D}
		{BA4A8632-8580-4087-9803-634FC045282A} = {CCA188E5-1AB6-4E16-B013-76877044870D}
		{321A3819-14E4-471E-8B91-29C7EEE6A7EF} = {CCA188E5-1AB6-4E16-B013-76877044870D}
	EndGlobalSection
EndGlobal
